
Microsoft Visual Studio Solution File, Format Version 12.00
# Visual Studio 15
Project("{FAE04EC0-301F-11D3-BF4B-00C04F79EFBC}") = "Cade.Android", "Cade.Android\Cade.Android.csproj", "{2A09F35B-7335-46D3-91D1-031502CA3546}"
EndProject
Project("{FAE04EC0-301F-11D3-BF4B-00C04F79EFBC}") = "Cade.iOS", "Cade.iOS\Cade.iOS.csproj", "{A023572E-B7DC-482C-96F5-20EF23901C8C}"
EndProject
Project("{FAE04EC0-301F-11D3-BF4B-00C04F79EFBC}") = "Cade.Library", "Cade.Library\Cade.Library.csproj", "{64E25278-3B76-4ABB-98C0-481F2917480C}"
EndProject
Project("{FAE04EC0-301F-11D3-BF4B-00C04F79EFBC}") = "Cade.MacOS", "Cade.MacOS\Cade.MacOS.csproj", "{7E041AAB-ECA8-424E-A25D-07E982CCE8D1}"
EndProject
Global
	GlobalSection(SolutionConfigurationPlatforms) = preSolution
		Debug|Any CPU = Debug|Any CPU
		Release|Any CPU = Release|Any CPU
		Debug|iPhoneSimulator = Debug|iPhoneSimulator
		Release|iPhoneSimulator = Release|iPhoneSimulator
		Debug|iPhone = Debug|iPhone
		Release|iPhone = Release|iPhone
	EndGlobalSection
	GlobalSection(ProjectConfigurationPlatforms) = postSolution
		{2A09F35B-7335-46D3-91D1-031502CA3546}.Debug|Any CPU.ActiveCfg = Debug|Any CPU
		{2A09F35B-7335-46D3-91D1-031502CA3546}.Debug|Any CPU.Build.0 = Debug|Any CPU
		{2A09F35B-7335-46D3-91D1-031502CA3546}.Release|Any CPU.ActiveCfg = Release|Any CPU
		{2A09F35B-7335-46D3-91D1-031502CA3546}.Release|Any CPU.Build.0 = Release|Any CPU
		{2A09F35B-7335-46D3-91D1-031502CA3546}.Debug|iPhoneSimulator.ActiveCfg = Debug|Any CPU
		{2A09F35B-7335-46D3-91D1-031502CA3546}.Debug|iPhoneSimulator.Build.0 = Debug|Any CPU
		{2A09F35B-7335-46D3-91D1-031502CA3546}.Release|iPhoneSimulator.ActiveCfg = Release|Any CPU
		{2A09F35B-7335-46D3-91D1-031502CA3546}.Release|iPhoneSimulator.Build.0 = Release|Any CPU
		{2A09F35B-7335-46D3-91D1-031502CA3546}.Debug|iPhone.ActiveCfg = Debug|Any CPU
		{2A09F35B-7335-46D3-91D1-031502CA3546}.Debug|iPhone.Build.0 = Debug|Any CPU
		{2A09F35B-7335-46D3-91D1-031502CA3546}.Release|iPhone.ActiveCfg = Release|Any CPU
		{2A09F35B-7335-46D3-91D1-031502CA3546}.Release|iPhone.Build.0 = Release|Any CPU
		{A023572E-B7DC-482C-96F5-20EF23901C8C}.Debug|Any CPU.ActiveCfg = Debug|iPhoneSimulator
		{A023572E-B7DC-482C-96F5-20EF23901C8C}.Debug|Any CPU.Build.0 = Debug|iPhoneSimulator
		{A023572E-B7DC-482C-96F5-20EF23901C8C}.Release|Any CPU.ActiveCfg = Release|iPhoneSimulator
		{A023572E-B7DC-482C-96F5-20EF23901C8C}.Release|Any CPU.Build.0 = Release|iPhoneSimulator
		{A023572E-B7DC-482C-96F5-20EF23901C8C}.Debug|iPhoneSimulator.ActiveCfg = Debug|iPhoneSimulator
		{A023572E-B7DC-482C-96F5-20EF23901C8C}.Debug|iPhoneSimulator.Build.0 = Debug|iPhoneSimulator
		{A023572E-B7DC-482C-96F5-20EF23901C8C}.Release|iPhoneSimulator.ActiveCfg = Release|iPhoneSimulator
		{A023572E-B7DC-482C-96F5-20EF23901C8C}.Release|iPhoneSimulator.Build.0 = Release|iPhoneSimulator
		{A023572E-B7DC-482C-96F5-20EF23901C8C}.Debug|iPhone.ActiveCfg = Debug|iPhone
		{A023572E-B7DC-482C-96F5-20EF23901C8C}.Debug|iPhone.Build.0 = Debug|iPhone
		{A023572E-B7DC-482C-96F5-20EF23901C8C}.Release|iPhone.ActiveCfg = Release|iPhone
		{A023572E-B7DC-482C-96F5-20EF23901C8C}.Release|iPhone.Build.0 = Release|iPhone
		{64E25278-3B76-4ABB-98C0-481F2917480C}.Debug|Any CPU.ActiveCfg = Debug|Any CPU
		{64E25278-3B76-4ABB-98C0-481F2917480C}.Debug|Any CPU.Build.0 = Debug|Any CPU
		{64E25278-3B76-4ABB-98C0-481F2917480C}.Release|Any CPU.ActiveCfg = Release|Any CPU
		{64E25278-3B76-4ABB-98C0-481F2917480C}.Release|Any CPU.Build.0 = Release|Any CPU
		{64E25278-3B76-4ABB-98C0-481F2917480C}.Debug|iPhoneSimulator.ActiveCfg = Debug|Any CPU
		{64E25278-3B76-4ABB-98C0-481F2917480C}.Debug|iPhoneSimulator.Build.0 = Debug|Any CPU
		{64E25278-3B76-4ABB-98C0-481F2917480C}.Release|iPhoneSimulator.ActiveCfg = Release|Any CPU
		{64E25278-3B76-4ABB-98C0-481F2917480C}.Release|iPhoneSimulator.Build.0 = Release|Any CPU
		{64E25278-3B76-4ABB-98C0-481F2917480C}.Debug|iPhone.ActiveCfg = Debug|Any CPU
		{64E25278-3B76-4ABB-98C0-481F2917480C}.Debug|iPhone.Build.0 = Debug|Any CPU
		{64E25278-3B76-4ABB-98C0-481F2917480C}.Release|iPhone.ActiveCfg = Release|Any CPU
		{64E25278-3B76-4ABB-98C0-481F2917480C}.Release|iPhone.Build.0 = Release|Any CPU
		{7E041AAB-ECA8-424E-A25D-07E982CCE8D1}.Debug|Any CPU.ActiveCfg = Debug|x86
		{7E041AAB-ECA8-424E-A25D-07E982CCE8D1}.Debug|Any CPU.Build.0 = Debug|x86
		{7E041AAB-ECA8-424E-A25D-07E982CCE8D1}.Release|Any CPU.ActiveCfg = Release|x86
		{7E041AAB-ECA8-424E-A25D-07E982CCE8D1}.Release|Any CPU.Build.0 = Release|x86
		{7E041AAB-ECA8-424E-A25D-07E982CCE8D1}.Debug|iPhoneSimulator.ActiveCfg = Debug|x86
		{7E041AAB-ECA8-424E-A25D-07E982CCE8D1}.Debug|iPhoneSimulator.Build.0 = Debug|x86
		{7E041AAB-ECA8-424E-A25D-07E982CCE8D1}.Release|iPhoneSimulator.ActiveCfg = Release|x86
		{7E041AAB-ECA8-424E-A25D-07E982CCE8D1}.Release|iPhoneSimulator.Build.0 = Release|x86
		{7E041AAB-ECA8-424E-A25D-07E982CCE8D1}.Debug|iPhone.ActiveCfg = Debug|x86
		{7E041AAB-ECA8-424E-A25D-07E982CCE8D1}.Debug|iPhone.Build.0 = Debug|x86
		{7E041AAB-ECA8-424E-A25D-07E982CCE8D1}.Release|iPhone.ActiveCfg = Release|x86
		{7E041AAB-ECA8-424E-A25D-07E982CCE8D1}.Release|iPhone.Build.0 = Release|x86
	EndGlobalSection
EndGlobal
