
Microsoft Visual Studio Solution File, Format Version 12.00
# Visual Studio 15
Project("{FAE04EC0-301F-11D3-BF4B-00C04F79EFBC}") = "Cade.iOS", "Cade.iOS\Cade.iOS.csproj", "{024B18A7-6D92-48E7-8D8A-5B8FC97C972F}"
EndProject
Project("{FAE04EC0-301F-11D3-BF4B-00C04F79EFBC}") = "Cade.Android", "Cade.Android\Cade.Android.csproj", "{B4C9EF71-EA30-4EFE-96C0-709C687F449B}"
EndProject
Project("{FAE04EC0-301F-11D3-BF4B-00C04F79EFBC}") = "Cade.Shared", "Cade.Shared\Cade.Shared.csproj", "{D299D702-7FD4-420A-8732-56F32772434B}"
EndProject
Project("{FAE04EC0-301F-11D3-BF4B-00C04F79EFBC}") = "Cade.MacOS", "Cade.MacOS\Cade.MacOS.csproj", "{28580176-3D5F-4C5F-880A-50193B8EE100}"
EndProject
Global
	GlobalSection(SolutionConfigurationPlatforms) = preSolution
		Debug|Any CPU = Debug|Any CPU
		Release|Any CPU = Release|Any CPU
		Debug|iPhoneSimulator = Debug|iPhoneSimulator
		Release|iPhoneSimulator = Release|iPhoneSimulator
		Debug|iPhone = Debug|iPhone
		Release|iPhone = Release|iPhone
	EndGlobalSection
	GlobalSection(ProjectConfigurationPlatforms) = postSolution
		{024B18A7-6D92-48E7-8D8A-5B8FC97C972F}.Debug|Any CPU.ActiveCfg = Debug|iPhoneSimulator
		{024B18A7-6D92-48E7-8D8A-5B8FC97C972F}.Debug|Any CPU.Build.0 = Debug|iPhoneSimulator
		{024B18A7-6D92-48E7-8D8A-5B8FC97C972F}.Release|Any CPU.ActiveCfg = Release|iPhoneSimulator
		{024B18A7-6D92-48E7-8D8A-5B8FC97C972F}.Release|Any CPU.Build.0 = Release|iPhoneSimulator
		{024B18A7-6D92-48E7-8D8A-5B8FC97C972F}.Debug|iPhoneSimulator.ActiveCfg = Debug|iPhoneSimulator
		{024B18A7-6D92-48E7-8D8A-5B8FC97C972F}.Debug|iPhoneSimulator.Build.0 = Debug|iPhoneSimulator
		{024B18A7-6D92-48E7-8D8A-5B8FC97C972F}.Release|iPhoneSimulator.ActiveCfg = Release|iPhoneSimulator
		{024B18A7-6D92-48E7-8D8A-5B8FC97C972F}.Release|iPhoneSimulator.Build.0 = Release|iPhoneSimulator
		{024B18A7-6D92-48E7-8D8A-5B8FC97C972F}.Debug|iPhone.ActiveCfg = Debug|iPhone
		{024B18A7-6D92-48E7-8D8A-5B8FC97C972F}.Debug|iPhone.Build.0 = Debug|iPhone
		{024B18A7-6D92-48E7-8D8A-5B8FC97C972F}.Release|iPhone.ActiveCfg = Release|iPhone
		{024B18A7-6D92-48E7-8D8A-5B8FC97C972F}.Release|iPhone.Build.0 = Release|iPhone
		{B4C9EF71-EA30-4EFE-96C0-709C687F449B}.Debug|Any CPU.ActiveCfg = Debug|Any CPU
		{B4C9EF71-EA30-4EFE-96C0-709C687F449B}.Debug|Any CPU.Build.0 = Debug|Any CPU
		{B4C9EF71-EA30-4EFE-96C0-709C687F449B}.Release|Any CPU.ActiveCfg = Release|Any CPU
		{B4C9EF71-EA30-4EFE-96C0-709C687F449B}.Release|Any CPU.Build.0 = Release|Any CPU
		{B4C9EF71-EA30-4EFE-96C0-709C687F449B}.Debug|iPhoneSimulator.ActiveCfg = Debug|Any CPU
		{B4C9EF71-EA30-4EFE-96C0-709C687F449B}.Debug|iPhoneSimulator.Build.0 = Debug|Any CPU
		{B4C9EF71-EA30-4EFE-96C0-709C687F449B}.Release|iPhoneSimulator.ActiveCfg = Release|Any CPU
		{B4C9EF71-EA30-4EFE-96C0-709C687F449B}.Release|iPhoneSimulator.Build.0 = Release|Any CPU
		{B4C9EF71-EA30-4EFE-96C0-709C687F449B}.Debug|iPhone.ActiveCfg = Debug|Any CPU
		{B4C9EF71-EA30-4EFE-96C0-709C687F449B}.Debug|iPhone.Build.0 = Debug|Any CPU
		{B4C9EF71-EA30-4EFE-96C0-709C687F449B}.Release|iPhone.ActiveCfg = Release|Any CPU
		{B4C9EF71-EA30-4EFE-96C0-709C687F449B}.Release|iPhone.Build.0 = Release|Any CPU
		{D299D702-7FD4-420A-8732-56F32772434B}.Debug|Any CPU.ActiveCfg = Debug|Any CPU
		{D299D702-7FD4-420A-8732-56F32772434B}.Debug|Any CPU.Build.0 = Debug|Any CPU
		{D299D702-7FD4-420A-8732-56F32772434B}.Release|Any CPU.ActiveCfg = Release|Any CPU
		{D299D702-7FD4-420A-8732-56F32772434B}.Release|Any CPU.Build.0 = Release|Any CPU
		{D299D702-7FD4-420A-8732-56F32772434B}.Debug|iPhoneSimulator.ActiveCfg = Debug|Any CPU
		{D299D702-7FD4-420A-8732-56F32772434B}.Debug|iPhoneSimulator.Build.0 = Debug|Any CPU
		{D299D702-7FD4-420A-8732-56F32772434B}.Release|iPhoneSimulator.ActiveCfg = Release|Any CPU
		{D299D702-7FD4-420A-8732-56F32772434B}.Release|iPhoneSimulator.Build.0 = Release|Any CPU
		{D299D702-7FD4-420A-8732-56F32772434B}.Debug|iPhone.ActiveCfg = Debug|Any CPU
		{D299D702-7FD4-420A-8732-56F32772434B}.Debug|iPhone.Build.0 = Debug|Any CPU
		{D299D702-7FD4-420A-8732-56F32772434B}.Release|iPhone.ActiveCfg = Release|Any CPU
		{D299D702-7FD4-420A-8732-56F32772434B}.Release|iPhone.Build.0 = Release|Any CPU
		{28580176-3D5F-4C5F-880A-50193B8EE100}.Debug|Any CPU.ActiveCfg = Debug|x86
		{28580176-3D5F-4C5F-880A-50193B8EE100}.Debug|Any CPU.Build.0 = Debug|x86
		{28580176-3D5F-4C5F-880A-50193B8EE100}.Release|Any CPU.ActiveCfg = Release|x86
		{28580176-3D5F-4C5F-880A-50193B8EE100}.Release|Any CPU.Build.0 = Release|x86
		{28580176-3D5F-4C5F-880A-50193B8EE100}.Debug|iPhoneSimulator.ActiveCfg = Debug|x86
		{28580176-3D5F-4C5F-880A-50193B8EE100}.Debug|iPhoneSimulator.Build.0 = Debug|x86
		{28580176-3D5F-4C5F-880A-50193B8EE100}.Release|iPhoneSimulator.ActiveCfg = Release|x86
		{28580176-3D5F-4C5F-880A-50193B8EE100}.Release|iPhoneSimulator.Build.0 = Release|x86
		{28580176-3D5F-4C5F-880A-50193B8EE100}.Debug|iPhone.ActiveCfg = Debug|x86
		{28580176-3D5F-4C5F-880A-50193B8EE100}.Debug|iPhone.Build.0 = Debug|x86
		{28580176-3D5F-4C5F-880A-50193B8EE100}.Release|iPhone.ActiveCfg = Release|x86
		{28580176-3D5F-4C5F-880A-50193B8EE100}.Release|iPhone.Build.0 = Release|x86
	EndGlobalSection
EndGlobal
